{
  "name": "ghtt_mp_pro",
  "version": "1.0.0",
  "lockfileVersion": 1,
  "requires": true,
  "dependencies": {
    "parser-wx": {
      "version": "1.0.0",
      "resolved": "https://registry.npmjs.org/parser-wx/-/parser-wx-1.0.0.tgz",
      "integrity": "sha512-Kk1R24P4UKKrhXxgmU8Troc/gJRtJxrQ2ECoRWLC21kCuX3mxhAQUyhSv7Hgxkb/qkut7eZcfGMvnDSzkPSAuQ=="
    },
    "wx-minicomponent": {
      "version": "1.0.8",
      "resolved": "https://registry.npmjs.org/wx-minicomponent/-/wx-minicomponent-1.0.8.tgz",
      "integrity": "sha512-oowHJmF25dBmm5YmPDRmaAJ5Cf+fRpK6cV06ucZC244vb2+z2WrjGV6+oqxA0Mf0wMZPYayC15QpCL7OEeq2pw=="
    }
  }
}
